// !$*UTF8*$!
{
	archiveVersion = 1;
	classes = {
	};
	objectVersion = 77;
	objects = {

/* Begin PBXContainerItemProxy section */
		869453072D119B9400AFD18F /* PBXContainerItemProxy */ = {
			isa = PBXContainerItemProxy;
			containerPortal = 869452E52D119B9300AFD18F /* Project object */;
			proxyType = 1;
			remoteGlobalIDString = 869452EC2D119B9300AFD18F;
			remoteInfo = "Swift SpriteKit";
		};
		869453112D119B9400AFD18F /* PBXContainerItemProxy */ = {
			isa = PBXContainerItemProxy;
			containerPortal = 869452E52D119B9300AFD18F /* Project object */;
			proxyType = 1;
			remoteGlobalIDString = 869452EC2D119B9300AFD18F;
			remoteInfo = "Swift SpriteKit";
		};
/* End PBXContainerItemProxy section */

/* Begin PBXFileReference section */
		869452ED2D119B9300AFD18F /* Swift SpriteKit.app */ = {isa = PBXFileReference; explicitFileType = wrapper.application; includeInIndex = 0; path = "Swift SpriteKit.app"; sourceTree = BUILT_PRODUCTS_DIR; };
		869453062D119B9400AFD18F /* Swift SpriteKitTests.xctest */ = {isa = PBXFileReference; explicitFileType = wrapper.cfbundle; includeInIndex = 0; path = "Swift SpriteKitTests.xctest"; sourceTree = BUILT_PRODUCTS_DIR; };
		869453102D119B9400AFD18F /* Swift SpriteKitUITests.xctest */ = {isa = PBXFileReference; explicitFileType = wrapper.cfbundle; includeInIndex = 0; path = "Swift SpriteKitUITests.xctest"; sourceTree = BUILT_PRODUCTS_DIR; };
/* End PBXFileReference section */

/* Begin PBXFileSystemSynchronizedRootGroup section */
		869452EF2D119B9300AFD18F /* Swift SpriteKit */ = {
			isa = PBXFileSystemSynchronizedRootGroup;
			path = "Swift SpriteKit";
			sourceTree = "<group>";
		};
		869453092D119B9400AFD18F /* Swift SpriteKitTests */ = {
			isa = PBXFileSystemSynchronizedRootGroup;
			path = "Swift SpriteKitTests";
			sourceTree = "<group>";
		};
		869453132D119B9400AFD18F /* Swift SpriteKitUITests */ = {
			isa = PBXFileSystemSynchronizedRootGroup;
			path = "Swift SpriteKitUITests";
			sourceTree = "<group>";
		};
/* End PBXFileSystemSynchronizedRootGroup section */

/* Begin PBXFrameworksBuildPhase section */
		869452EA2D119B9300AFD18F /* Frameworks */ = {
			isa = PBXFrameworksBuildPhase;
			buildActionMask = 2147483647;
			files = (
			);
			runOnlyForDeploymentPostprocessing = 0;
		};
		869453032D119B9400AFD18F /* Frameworks */ = {
			isa = PBXFrameworksBuildPhase;
			buildActionMask = 2147483647;
			files = (
			);
			runOnlyForDeploymentPostprocessing = 0;
		};
		8694530D2D119B9400AFD18F /* Frameworks */ = {
			isa = PBXFrameworksBuildPhase;
			buildActionMask = 2147483647;
			files = (
			);
			runOnlyForDeploymentPostprocessing = 0;
		};
/* End PBXFrameworksBuildPhase section */

/* Begin PBXGroup section */
		869452E42D119B9300AFD18F = {
			isa = PBXGroup;
			children = (
				869452EF2D119B9300AFD18F /* Swift SpriteKit */,
				869453092D119B9400AFD18F /* Swift SpriteKitTests */,
				869453132D119B9400AFD18F /* Swift SpriteKitUITests */,
				869452EE2D119B9300AFD18F /* Products */,
			);
			sourceTree = "<group>";
		};
		869452EE2D119B9300AFD18F /* Products */ = {
			isa = PBXGroup;
			children = (
				869452ED2D119B9300AFD18F /* Swift SpriteKit.app */,
				869453062D119B9400AFD18F /* Swift SpriteKitTests.xctest */,
				869453102D119B9400AFD18F /* Swift SpriteKitUITests.xctest */,
			);
			name = Products;
			sourceTree = "<group>";
		};
/* End PBXGroup section */

/* Begin PBXNativeTarget section */
		869452EC2D119B9300AFD18F /* Swift SpriteKit */ = {
			isa = PBXNativeTarget;
			buildConfigurationList = 8694531A2D119B9400AFD18F /* Build configuration list for PBXNativeTarget "Swift SpriteKit" */;
			buildPhases = (
				869452E92D119B9300AFD18F /* Sources */,
				869452EA2D119B9300AFD18F /* Frameworks */,
				869452EB2D119B9300AFD18F /* Resources */,
			);
			buildRules = (
			);
			dependencies = (
			);
			fileSystemSynchronizedGroups = (
				869452EF2D119B9300AFD18F /* Swift SpriteKit */,
			);
			name = "Swift SpriteKit";
			packageProductDependencies = (
			);
			productName = "Swift SpriteKit";
			productReference = 869452ED2D119B9300AFD18F /* Swift SpriteKit.app */;
			productType = "com.apple.product-type.application";
		};
		869453052D119B9400AFD18F /* Swift SpriteKitTests */ = {
			isa = PBXNativeTarget;
			buildConfigurationList = 8694531D2D119B9400AFD18F /* Build configuration list for PBXNativeTarget "Swift SpriteKitTests" */;
			buildPhases = (
				869453022D119B9400AFD18F /* Sources */,
				869453032D119B9400AFD18F /* Frameworks */,
				869453042D119B9400AFD18F /* Resources */,
			);
			buildRules = (
			);
			dependencies = (
				869453082D119B9400AFD18F /* PBXTargetDependency */,
			);
			fileSystemSynchronizedGroups = (
				869453092D119B9400AFD18F /* Swift SpriteKitTests */,
			);
			name = "Swift SpriteKitTests";
			packageProductDependencies = (
			);
			productName = "Swift SpriteKitTests";
			productReference = 869453062D119B9400AFD18F /* Swift SpriteKitTests.xctest */;
			productType = "com.apple.product-type.bundle.unit-test";
		};
		8694530F2D119B9400AFD18F /* Swift SpriteKitUITests */ = {
			isa = PBXNativeTarget;
			buildConfigurationList = 869453202D119B9400AFD18F /* Build configuration list for PBXNativeTarget "Swift SpriteKitUITests" */;
			buildPhases = (
				8694530C2D119B9400AFD18F /* Sources */,
				8694530D2D119B9400AFD18F /* Frameworks */,
				8694530E2D119B9400AFD18F /* Resources */,
			);
			buildRules = (
			);
			dependencies = (
				869453122D119B9400AFD18F /* PBXTargetDependency */,
			);
			fileSystemSynchronizedGroups = (
				869453132D119B9400AFD18F /* Swift SpriteKitUITests */,
			);
			name = "Swift SpriteKitUITests";
			packageProductDependencies = (
			);
			productName = "Swift SpriteKitUITests";
			productReference = 869453102D119B9400AFD18F /* Swift SpriteKitUITests.xctest */;
			productType = "com.apple.product-type.bundle.ui-testing";
		};
/* End PBXNativeTarget section */

/* Begin PBXProject section */
		869452E52D119B9300AFD18F /* Project object */ = {
			isa = PBXProject;
			attributes = {
				BuildIndependentTargetsInParallel = 1;
				LastSwiftUpdateCheck = 1610;
				LastUpgradeCheck = 1610;
				TargetAttributes = {
					869452EC2D119B9300AFD18F = {
						CreatedOnToolsVersion = 16.1;
					};
					869453052D119B9400AFD18F = {
						CreatedOnToolsVersion = 16.1;
						TestTargetID = 869452EC2D119B9300AFD18F;
					};
					8694530F2D119B9400AFD18F = {
						CreatedOnToolsVersion = 16.1;
						TestTargetID = 869452EC2D119B9300AFD18F;
					};
				};
			};
			buildConfigurationList = 869452E82D119B9300AFD18F /* Build configuration list for PBXProject "Swift SpriteKit" */;
			developmentRegion = en;
			hasScannedForEncodings = 0;
			knownRegions = (
				en,
				Base,
			);
			mainGroup = 869452E42D119B9300AFD18F;
			minimizedProjectReferenceProxies = 1;
			preferredProjectObjectVersion = 77;
			productRefGroup = 869452EE2D119B9300AFD18F /* Products */;
			projectDirPath = "";
			projectRoot = "";
			targets = (
				869452EC2D119B9300AFD18F /* Swift SpriteKit */,
				869453052D119B9400AFD18F /* Swift SpriteKitTests */,
				8694530F2D119B9400AFD18F /* Swift SpriteKitUITests */,
			);
		};
/* End PBXProject section */

/* Begin PBXResourcesBuildPhase section */
		869452EB2D119B9300AFD18F /* Resources */ = {
			isa = PBXResourcesBuildPhase;
			buildActionMask = 2147483647;
			files = (
			);
			runOnlyForDeploymentPostprocessing = 0;
		};
		869453042D119B9400AFD18F /* Resources */ = {
			isa = PBXResourcesBuildPhase;
			buildActionMask = 2147483647;
			files = (
			);
			runOnlyForDeploymentPostprocessing = 0;
		};
		8694530E2D119B9400AFD18F /* Resources */ = {
			isa = PBXResourcesBuildPhase;
			buildActionMask = 2147483647;
			files = (
			);
			runOnlyForDeploymentPostprocessing = 0;
		};
/* End PBXResourcesBuildPhase section */

/* Begin PBXSourcesBuildPhase section */
		869452E92D119B9300AFD18F /* Sources */ = {
			isa = PBXSourcesBuildPhase;
			buildActionMask = 2147483647;
			files = (
			);
			runOnlyForDeploymentPostprocessing = 0;
		};
		869453022D119B9400AFD18F /* Sources */ = {
			isa = PBXSourcesBuildPhase;
			buildActionMask = 2147483647;
			files = (
			);
			runOnlyForDeploymentPostprocessing = 0;
		};
		8694530C2D119B9400AFD18F /* Sources */ = {
			isa = PBXSourcesBuildPhase;
			buildActionMask = 2147483647;
			files = (
			);
			runOnlyForDeploymentPostprocessing = 0;
		};
/* End PBXSourcesBuildPhase section */

/* Begin PBXTargetDependency section */
		869453082D119B9400AFD18F /* PBXTargetDependency */ = {
			isa = PBXTargetDependency;
			target = 869452EC2D119B9300AFD18F /* Swift SpriteKit */;
			targetProxy = 869453072D119B9400AFD18F /* PBXContainerItemProxy */;
		};
		869453122D119B9400AFD18F /* PBXTargetDependency */ = {
			isa = PBXTargetDependency;
			target = 869452EC2D119B9300AFD18F /* Swift SpriteKit */;
			targetProxy = 869453112D119B9400AFD18F /* PBXContainerItemProxy */;
		};
/* End PBXTargetDependency section */

/* Begin XCBuildConfiguration section */
		869453182D119B9400AFD18F /* Debug */ = {
			isa = XCBuildConfiguration;
			buildSettings = {
				ALWAYS_SEARCH_USER_PATHS = NO;
				ASSETCATALOG_COMPILER_GENERATE_SWIFT_ASSET_SYMBOL_EXTENSIONS = YES;
				CLANG_ANALYZER_NONNULL = YES;
				CLANG_ANALYZER_NUMBER_OBJECT_CONVERSION = YES_AGGRESSIVE;
				CLANG_CXX_LANGUAGE_STANDARD = "gnu++20";
				CLANG_ENABLE_MODULES = YES;
				CLANG_ENABLE_OBJC_ARC = YES;
				CLANG_ENABLE_OBJC_WEAK = YES;
				CLANG_WARN_BLOCK_CAPTURE_AUTORELEASING = YES;
				CLANG_WARN_BOOL_CONVERSION = YES;
				CLANG_WARN_COMMA = YES;
				CLANG_WARN_CONSTANT_CONVERSION = YES;
				CLANG_WARN_DEPRECATED_OBJC_IMPLEMENTATIONS = YES;
				CLANG_WARN_DIRECT_OBJC_ISA_USAGE = YES_ERROR;
				CLANG_WARN_DOCUMENTATION_COMMENTS = YES;
				CLANG_WARN_EMPTY_BODY = YES;
				CLANG_WARN_ENUM_CONVERSION = YES;
				CLANG_WARN_INFINITE_RECURSION = YES;
				CLANG_WARN_INT_CONVERSION = YES;
				CLANG_WARN_NON_LITERAL_NULL_CONVERSION = YES;
				CLANG_WARN_OBJC_IMPLICIT_RETAIN_SELF = YES;
				CLANG_WARN_OBJC_LITERAL_CONVERSION = YES;
				CLANG_WARN_OBJC_ROOT_CLASS = YES_ERROR;
				CLANG_WARN_QUOTED_INCLUDE_IN_FRAMEWORK_HEADER = YES;
				CLANG_WARN_RANGE_LOOP_ANALYSIS = YES;
				CLANG_WARN_STRICT_PROTOTYPES = YES;
				CLANG_WARN_SUSPICIOUS_MOVE = YES;
				CLANG_WARN_UNGUARDED_AVAILABILITY = YES_AGGRESSIVE;
				CLANG_WARN_UNREACHABLE_CODE = YES;
				CLANG_WARN__DUPLICATE_METHOD_MATCH = YES;
				COPY_PHASE_STRIP = NO;
				DEBUG_INFORMATION_FORMAT = dwarf;
				ENABLE_STRICT_OBJC_MSGSEND = YES;
				ENABLE_TESTABILITY = YES;
				ENABLE_USER_SCRIPT_SANDBOXING = YES;
				GCC_C_LANGUAGE_STANDARD = gnu17;
				GCC_DYNAMIC_NO_PIC = NO;
				GCC_NO_COMMON_BLOCKS = YES;
				GCC_OPTIMIZATION_LEVEL = 0;
				GCC_PREPROCESSOR_DEFINITIONS = (
					"DEBUG=1",
					"$(inherited)",
				);
				GCC_WARN_64_TO_32_BIT_CONVERSION = YES;
				GCC_WARN_ABOUT_RETURN_TYPE = YES_ERROR;
				GCC_WARN_UNDECLARED_SELECTOR = YES;
				GCC_WARN_UNINITIALIZED_AUTOS = YES_AGGRESSIVE;
				GCC_WARN_UNUSED_FUNCTION = YES;
				GCC_WARN_UNUSED_VARIABLE = YES;
				IPHONEOS_DEPLOYMENT_TARGET = 18.1;
				LOCALIZATION_PREFERS_STRING_CATALOGS = YES;
				MTL_ENABLE_DEBUG_INFO = INCLUDE_SOURCE;
				MTL_FAST_MATH = YES;
				ONLY_ACTIVE_ARCH = YES;
				SDKROOT = iphoneos;
				SWIFT_ACTIVE_COMPILATION_CONDITIONS = "DEBUG $(inherited)";
				SWIFT_OPTIMIZATION_LEVEL = "-Onone";
			};
			name = Debug;
		};
		869453192D119B9400AFD18F /* Release */ = {
			isa = XCBuildConfiguration;
			buildSettings = {
				ALWAYS_SEARCH_USER_PATHS = NO;
				ASSETCATALOG_COMPILER_GENERATE_SWIFT_ASSET_SYMBOL_EXTENSIONS = YES;
				CLANG_ANALYZER_NONNULL = YES;
				CLANG_ANALYZER_NUMBER_OBJECT_CONVERSION = YES_AGGRESSIVE;
				CLANG_CXX_LANGUAGE_STANDARD = "gnu++20";
				CLANG_ENABLE_MODULES = YES;
				CLANG_ENABLE_OBJC_ARC = YES;
				CLANG_ENABLE_OBJC_WEAK = YES;
				CLANG_WARN_BLOCK_CAPTURE_AUTORELEASING = YES;
				CLANG_WARN_BOOL_CONVERSION = YES;
				CLANG_WARN_COMMA = YES;
				CLANG_WARN_CONSTANT_CONVERSION = YES;
				CLANG_WARN_DEPRECATED_OBJC_IMPLEMENTATIONS = YES;
				CLANG_WARN_DIRECT_OBJC_ISA_USAGE = YES_ERROR;
				CLANG_WARN_DOCUMENTATION_COMMENTS = YES;
				CLANG_WARN_EMPTY_BODY = YES;
				CLANG_WARN_ENUM_CONVERSION = YES;
				CLANG_WARN_INFINITE_RECURSION = YES;
				CLANG_WARN_INT_CONVERSION = YES;
				CLANG_WARN_NON_LITERAL_NULL_CONVERSION = YES;
				CLANG_WARN_OBJC_IMPLICIT_RETAIN_SELF = YES;
				CLANG_WARN_OBJC_LITERAL_CONVERSION = YES;
				CLANG_WARN_OBJC_ROOT_CLASS = YES_ERROR;
				CLANG_WARN_QUOTED_INCLUDE_IN_FRAMEWORK_HEADER = YES;
				CLANG_WARN_RANGE_LOOP_ANALYSIS = YES;
				CLANG_WARN_STRICT_PROTOTYPES = YES;
				CLANG_WARN_SUSPICIOUS_MOVE = YES;
				CLANG_WARN_UNGUARDED_AVAILABILITY = YES_AGGRESSIVE;
				CLANG_WARN_UNREACHABLE_CODE = YES;
				CLANG_WARN__DUPLICATE_METHOD_MATCH = YES;
				COPY_PHASE_STRIP = NO;
				DEBUG_INFORMATION_FORMAT = "dwarf-with-dsym";
				ENABLE_NS_ASSERTIONS = NO;
				ENABLE_STRICT_OBJC_MSGSEND = YES;
				ENABLE_USER_SCRIPT_SANDBOXING = YES;
				GCC_C_LANGUAGE_STANDARD = gnu17;
				GCC_NO_COMMON_BLOCKS = YES;
				GCC_WARN_64_TO_32_BIT_CONVERSION = YES;
				GCC_WARN_ABOUT_RETURN_TYPE = YES_ERROR;
				GCC_WARN_UNDECLARED_SELECTOR = YES;
				GCC_WARN_UNINITIALIZED_AUTOS = YES_AGGRESSIVE;
				GCC_WARN_UNUSED_FUNCTION = YES;
				GCC_WARN_UNUSED_VARIABLE = YES;
				IPHONEOS_DEPLOYMENT_TARGET = 18.1;
				LOCALIZATION_PREFERS_STRING_CATALOGS = YES;
				MTL_ENABLE_DEBUG_INFO = NO;
				MTL_FAST_MATH = YES;
				SDKROOT = iphoneos;
				SWIFT_COMPILATION_MODE = wholemodule;
				VALIDATE_PRODUCT = YES;
			};
			name = Release;
		};
		8694531B2D119B9400AFD18F /* Debug */ = {
			isa = XCBuildConfiguration;
			buildSettings = {
				ASSETCATALOG_COMPILER_APPICON_NAME = AppIcon;
				ASSETCATALOG_COMPILER_GLOBAL_ACCENT_COLOR_NAME = AccentColor;
				CODE_SIGN_STYLE = Automatic;
				CURRENT_PROJECT_VERSION = 1;
				DEVELOPMENT_TEAM = UDN8HKP972;
				GENERATE_INFOPLIST_FILE = YES;
				INFOPLIST_KEY_UIApplicationSupportsIndirectInputEvents = YES;
				INFOPLIST_KEY_UILaunchStoryboardName = LaunchScreen;
				INFOPLIST_KEY_UIMainStoryboardFile = Main;
				INFOPLIST_KEY_UIStatusBarHidden = YES;
				INFOPLIST_KEY_UISupportedInterfaceOrientations_iPad = "UIInterfaceOrientationPortrait UIInterfaceOrientationPortraitUpsideDown UIInterfaceOrientationLandscapeLeft UIInterfaceOrientationLandscapeRight";
				INFOPLIST_KEY_UISupportedInterfaceOrientations_iPhone = "UIInterfaceOrientationPortrait UIInterfaceOrientationLandscapeLeft UIInterfaceOrientationLandscapeRight";
				LD_RUNPATH_SEARCH_PATHS = (
					"$(inherited)",
					"@executable_path/Frameworks",
				);
				MARKETING_VERSION = 1.0;
				PRODUCT_BUNDLE_IDENTIFIER = "com.Aplicativos.Swift-SpriteKit";
				PRODUCT_NAME = "$(TARGET_NAME)";
				SWIFT_EMIT_LOC_STRINGS = YES;
				SWIFT_VERSION = 5.0;
				TARGETED_DEVICE_FAMILY = "1,2";
			};
			name = Debug;
		};
		8694531C2D119B9400AFD18F /* Release */ = {
			isa = XCBuildConfiguration;
			buildSettings = {
				ASSETCATALOG_COMPILER_APPICON_NAME = AppIcon;
				ASSETCATALOG_COMPILER_GLOBAL_ACCENT_COLOR_NAME = AccentColor;
				CODE_SIGN_STYLE = Automatic;
				CURRENT_PROJECT_VERSION = 1;
				DEVELOPMENT_TEAM = UDN8HKP972;
				GENERATE_INFOPLIST_FILE = YES;
				INFOPLIST_KEY_UIApplicationSupportsIndirectInputEvents = YES;
				INFOPLIST_KEY_UILaunchStoryboardName = LaunchScreen;
				INFOPLIST_KEY_UIMainStoryboardFile = Main;
				INFOPLIST_KEY_UIStatusBarHidden = YES;
				INFOPLIST_KEY_UISupportedInterfaceOrientations_iPad = "UIInterfaceOrientationPortrait UIInterfaceOrientationPortraitUpsideDown UIInterfaceOrientationLandscapeLeft UIInterfaceOrientationLandscapeRight";
				INFOPLIST_KEY_UISupportedInterfaceOrientations_iPhone = "UIInterfaceOrientationPortrait UIInterfaceOrientationLandscapeLeft UIInterfaceOrientationLandscapeRight";
				LD_RUNPATH_SEARCH_PATHS = (
					"$(inherited)",
					"@executable_path/Frameworks",
				);
				MARKETING_VERSION = 1.0;
				PRODUCT_BUNDLE_IDENTIFIER = "com.Aplicativos.Swift-SpriteKit";
				PRODUCT_NAME = "$(TARGET_NAME)";
				SWIFT_EMIT_LOC_STRINGS = YES;
				SWIFT_VERSION = 5.0;
				TARGETED_DEVICE_FAMILY = "1,2";
			};
			name = Release;
		};
		8694531E2D119B9400AFD18F /* Debug */ = {
			isa = XCBuildConfiguration;
			buildSettings = {
				BUNDLE_LOADER = "$(TEST_HOST)";
				CODE_SIGN_STYLE = Automatic;
				CURRENT_PROJECT_VERSION = 1;
				DEVELOPMENT_TEAM = UDN8HKP972;
				GENERATE_INFOPLIST_FILE = YES;
				IPHONEOS_DEPLOYMENT_TARGET = 18.1;
				MARKETING_VERSION = 1.0;
				PRODUCT_BUNDLE_IDENTIFIER = "com.Aplicativos.Swift-SpriteKitTests";
				PRODUCT_NAME = "$(TARGET_NAME)";
				SWIFT_EMIT_LOC_STRINGS = NO;
				SWIFT_VERSION = 5.0;
				TARGETED_DEVICE_FAMILY = "1,2";
				TEST_HOST = "$(BUILT_PRODUCTS_DIR)/Swift SpriteKit.app/$(BUNDLE_EXECUTABLE_FOLDER_PATH)/Swift SpriteKit";
			};
			name = Debug;
		};
		8694531F2D119B9400AFD18F /* Release */ = {
			isa = XCBuildConfiguration;
			buildSettings = {
				BUNDLE_LOADER = "$(TEST_HOST)";
				CODE_SIGN_STYLE = Automatic;
				CURRENT_PROJECT_VERSION = 1;
				DEVELOPMENT_TEAM = UDN8HKP972;
				GENERATE_INFOPLIST_FILE = YES;
				IPHONEOS_DEPLOYMENT_TARGET = 18.1;
				MARKETING_VERSION = 1.0;
				PRODUCT_BUNDLE_IDENTIFIER = "com.Aplicativos.Swift-SpriteKitTests";
				PRODUCT_NAME = "$(TARGET_NAME)";
				SWIFT_EMIT_LOC_STRINGS = NO;
				SWIFT_VERSION = 5.0;
				TARGETED_DEVICE_FAMILY = "1,2";
				TEST_HOST = "$(BUILT_PRODUCTS_DIR)/Swift SpriteKit.app/$(BUNDLE_EXECUTABLE_FOLDER_PATH)/Swift SpriteKit";
			};
			name = Release;
		};
		869453212D119B9400AFD18F /* Debug */ = {
			isa = XCBuildConfiguration;
			buildSettings = {
				CODE_SIGN_STYLE = Automatic;
				CURRENT_PROJECT_VERSION = 1;
				DEVELOPMENT_TEAM = UDN8HKP972;
				GENERATE_INFOPLIST_FILE = YES;
				MARKETING_VERSION = 1.0;
				PRODUCT_BUNDLE_IDENTIFIER = "com.Aplicativos.Swift-SpriteKitUITests";
				PRODUCT_NAME = "$(TARGET_NAME)";
				SWIFT_EMIT_LOC_STRINGS = NO;
				SWIFT_VERSION = 5.0;
				TARGETED_DEVICE_FAMILY = "1,2";
				TEST_TARGET_NAME = "Swift SpriteKit";
			};
			name = Debug;
		};
		869453222D119B9400AFD18F /* Release */ = {
			isa = XCBuildConfiguration;
			buildSettings = {
				CODE_SIGN_STYLE = Automatic;
				CURRENT_PROJECT_VERSION = 1;
				DEVELOPMENT_TEAM = UDN8HKP972;
				GENERATE_INFOPLIST_FILE = YES;
				MARKETING_VERSION = 1.0;
				PRODUCT_BUNDLE_IDENTIFIER = "com.Aplicativos.Swift-SpriteKitUITests";
				PRODUCT_NAME = "$(TARGET_NAME)";
				SWIFT_EMIT_LOC_STRINGS = NO;
				SWIFT_VERSION = 5.0;
				TARGETED_DEVICE_FAMILY = "1,2";
				TEST_TARGET_NAME = "Swift SpriteKit";
			};
			name = Release;
		};
/* End XCBuildConfiguration section */

/* Begin XCConfigurationList section */
		869452E82D119B9300AFD18F /* Build configuration list for PBXProject "Swift SpriteKit" */ = {
			isa = XCConfigurationList;
			buildConfigurations = (
				869453182D119B9400AFD18F /* Debug */,
				869453192D119B9400AFD18F /* Release */,
			);
			defaultConfigurationIsVisible = 0;
			defaultConfigurationName = Release;
		};
		8694531A2D119B9400AFD18F /* Build configuration list for PBXNativeTarget "Swift SpriteKit" */ = {
			isa = XCConfigurationList;
			buildConfigurations = (
				8694531B2D119B9400AFD18F /* Debug */,
				8694531C2D119B9400AFD18F /* Release */,
			);
			defaultConfigurationIsVisible = 0;
			defaultConfigurationName = Release;
		};
		8694531D2D119B9400AFD18F /* Build configuration list for PBXNativeTarget "Swift SpriteKitTests" */ = {
			isa = XCConfigurationList;
			buildConfigurations = (
				8694531E2D119B9400AFD18F /* Debug */,
				8694531F2D119B9400AFD18F /* Release */,
			);
			defaultConfigurationIsVisible = 0;
			defaultConfigurationName = Release;
		};
		869453202D119B9400AFD18F /* Build configuration list for PBXNativeTarget "Swift SpriteKitUITests" */ = {
			isa = XCConfigurationList;
			buildConfigurations = (
				869453212D119B9400AFD18F /* Debug */,
				869453222D119B9400AFD18F /* Release */,
			);
			defaultConfigurationIsVisible = 0;
			defaultConfigurationName = Release;
		};
/* End XCConfigurationList section */
	};
	rootObject = 869452E52D119B9300AFD18F /* Project object */;
}
