// !$*UTF8*$!
{
	archiveVersion = 1;
	classes = {
	};
	objectVersion = 77;
	objects = {

/* Begin PBXContainerItemProxy section */
		86BD03932D180A1B000C2120 /* PBXContainerItemProxy */ = {
			isa = PBXContainerItemProxy;
			containerPortal = 86BD03712D180A1A000C2120 /* Project object */;
			proxyType = 1;
			remoteGlobalIDString = 86BD03782D180A1A000C2120;
			remoteInfo = "Swift SpriteKit";
		};
		86BD039D2D180A1B000C2120 /* PBXContainerItemProxy */ = {
			isa = PBXContainerItemProxy;
			containerPortal = 86BD03712D180A1A000C2120 /* Project object */;
			proxyType = 1;
			remoteGlobalIDString = 86BD03782D180A1A000C2120;
			remoteInfo = "Swift SpriteKit";
		};
/* End PBXContainerItemProxy section */

/* Begin PBXFileReference section */
		86BD03792D180A1A000C2120 /* Swift SpriteKit.app */ = {isa = PBXFileReference; explicitFileType = wrapper.application; includeInIndex = 0; path = "Swift SpriteKit.app"; sourceTree = BUILT_PRODUCTS_DIR; };
		86BD03922D180A1B000C2120 /* Swift SpriteKitTests.xctest */ = {isa = PBXFileReference; explicitFileType = wrapper.cfbundle; includeInIndex = 0; path = "Swift SpriteKitTests.xctest"; sourceTree = BUILT_PRODUCTS_DIR; };
		86BD039C2D180A1B000C2120 /* Swift SpriteKitUITests.xctest */ = {isa = PBXFileReference; explicitFileType = wrapper.cfbundle; includeInIndex = 0; path = "Swift SpriteKitUITests.xctest"; sourceTree = BUILT_PRODUCTS_DIR; };
/* End PBXFileReference section */

/* Begin PBXFileSystemSynchronizedRootGroup section */
		86BD037B2D180A1A000C2120 /* Swift SpriteKit */ = {
			isa = PBXFileSystemSynchronizedRootGroup;
			path = "Swift SpriteKit";
			sourceTree = "<group>";
		};
		86BD03952D180A1B000C2120 /* Swift SpriteKitTests */ = {
			isa = PBXFileSystemSynchronizedRootGroup;
			path = "Swift SpriteKitTests";
			sourceTree = "<group>";
		};
		86BD039F2D180A1B000C2120 /* Swift SpriteKitUITests */ = {
			isa = PBXFileSystemSynchronizedRootGroup;
			path = "Swift SpriteKitUITests";
			sourceTree = "<group>";
		};
/* End PBXFileSystemSynchronizedRootGroup section */

/* Begin PBXFrameworksBuildPhase section */
		86BD03762D180A1A000C2120 /* Frameworks */ = {
			isa = PBXFrameworksBuildPhase;
			buildActionMask = 2147483647;
			files = (
			);
			runOnlyForDeploymentPostprocessing = 0;
		};
		86BD038F2D180A1B000C2120 /* Frameworks */ = {
			isa = PBXFrameworksBuildPhase;
			buildActionMask = 2147483647;
			files = (
			);
			runOnlyForDeploymentPostprocessing = 0;
		};
		86BD03992D180A1B000C2120 /* Frameworks */ = {
			isa = PBXFrameworksBuildPhase;
			buildActionMask = 2147483647;
			files = (
			);
			runOnlyForDeploymentPostprocessing = 0;
		};
/* End PBXFrameworksBuildPhase section */

/* Begin PBXGroup section */
		86BD03702D180A1A000C2120 = {
			isa = PBXGroup;
			children = (
				86BD037B2D180A1A000C2120 /* Swift SpriteKit */,
				86BD03952D180A1B000C2120 /* Swift SpriteKitTests */,
				86BD039F2D180A1B000C2120 /* Swift SpriteKitUITests */,
				86BD037A2D180A1A000C2120 /* Products */,
			);
			sourceTree = "<group>";
		};
		86BD037A2D180A1A000C2120 /* Products */ = {
			isa = PBXGroup;
			children = (
				86BD03792D180A1A000C2120 /* Swift SpriteKit.app */,
				86BD03922D180A1B000C2120 /* Swift SpriteKitTests.xctest */,
				86BD039C2D180A1B000C2120 /* Swift SpriteKitUITests.xctest */,
			);
			name = Products;
			sourceTree = "<group>";
		};
/* End PBXGroup section */

/* Begin PBXNativeTarget section */
		86BD03782D180A1A000C2120 /* Swift SpriteKit */ = {
			isa = PBXNativeTarget;
			buildConfigurationList = 86BD03A62D180A1B000C2120 /* Build configuration list for PBXNativeTarget "Swift SpriteKit" */;
			buildPhases = (
				86BD03752D180A1A000C2120 /* Sources */,
				86BD03762D180A1A000C2120 /* Frameworks */,
				86BD03772D180A1A000C2120 /* Resources */,
			);
			buildRules = (
			);
			dependencies = (
			);
			fileSystemSynchronizedGroups = (
				86BD037B2D180A1A000C2120 /* Swift SpriteKit */,
			);
			name = "Swift SpriteKit";
			packageProductDependencies = (
			);
			productName = "Swift SpriteKit";
			productReference = 86BD03792D180A1A000C2120 /* Swift SpriteKit.app */;
			productType = "com.apple.product-type.application";
		};
		86BD03912D180A1B000C2120 /* Swift SpriteKitTests */ = {
			isa = PBXNativeTarget;
			buildConfigurationList = 86BD03A92D180A1B000C2120 /* Build configuration list for PBXNativeTarget "Swift SpriteKitTests" */;
			buildPhases = (
				86BD038E2D180A1B000C2120 /* Sources */,
				86BD038F2D180A1B000C2120 /* Frameworks */,
				86BD03902D180A1B000C2120 /* Resources */,
			);
			buildRules = (
			);
			dependencies = (
				86BD03942D180A1B000C2120 /* PBXTargetDependency */,
			);
			fileSystemSynchronizedGroups = (
				86BD03952D180A1B000C2120 /* Swift SpriteKitTests */,
			);
			name = "Swift SpriteKitTests";
			packageProductDependencies = (
			);
			productName = "Swift SpriteKitTests";
			productReference = 86BD03922D180A1B000C2120 /* Swift SpriteKitTests.xctest */;
			productType = "com.apple.product-type.bundle.unit-test";
		};
		86BD039B2D180A1B000C2120 /* Swift SpriteKitUITests */ = {
			isa = PBXNativeTarget;
			buildConfigurationList = 86BD03AC2D180A1B000C2120 /* Build configuration list for PBXNativeTarget "Swift SpriteKitUITests" */;
			buildPhases = (
				86BD03982D180A1B000C2120 /* Sources */,
				86BD03992D180A1B000C2120 /* Frameworks */,
				86BD039A2D180A1B000C2120 /* Resources */,
			);
			buildRules = (
			);
			dependencies = (
				86BD039E2D180A1B000C2120 /* PBXTargetDependency */,
			);
			fileSystemSynchronizedGroups = (
				86BD039F2D180A1B000C2120 /* Swift SpriteKitUITests */,
			);
			name = "Swift SpriteKitUITests";
			packageProductDependencies = (
			);
			productName = "Swift SpriteKitUITests";
			productReference = 86BD039C2D180A1B000C2120 /* Swift SpriteKitUITests.xctest */;
			productType = "com.apple.product-type.bundle.ui-testing";
		};
/* End PBXNativeTarget section */

/* Begin PBXProject section */
		86BD03712D180A1A000C2120 /* Project object */ = {
			isa = PBXProject;
			attributes = {
				BuildIndependentTargetsInParallel = 1;
				LastSwiftUpdateCheck = 1610;
				LastUpgradeCheck = 1610;
				TargetAttributes = {
					86BD03782D180A1A000C2120 = {
						CreatedOnToolsVersion = 16.1;
					};
					86BD03912D180A1B000C2120 = {
						CreatedOnToolsVersion = 16.1;
						TestTargetID = 86BD03782D180A1A000C2120;
					};
					86BD039B2D180A1B000C2120 = {
						CreatedOnToolsVersion = 16.1;
						TestTargetID = 86BD03782D180A1A000C2120;
					};
				};
			};
			buildConfigurationList = 86BD03742D180A1A000C2120 /* Build configuration list for PBXProject "Swift SpriteKit" */;
			developmentRegion = en;
			hasScannedForEncodings = 0;
			knownRegions = (
				en,
				Base,
			);
			mainGroup = 86BD03702D180A1A000C2120;
			minimizedProjectReferenceProxies = 1;
			preferredProjectObjectVersion = 77;
			productRefGroup = 86BD037A2D180A1A000C2120 /* Products */;
			projectDirPath = "";
			projectRoot = "";
			targets = (
				86BD03782D180A1A000C2120 /* Swift SpriteKit */,
				86BD03912D180A1B000C2120 /* Swift SpriteKitTests */,
				86BD039B2D180A1B000C2120 /* Swift SpriteKitUITests */,
			);
		};
/* End PBXProject section */

/* Begin PBXResourcesBuildPhase section */
		86BD03772D180A1A000C2120 /* Resources */ = {
			isa = PBXResourcesBuildPhase;
			buildActionMask = 2147483647;
			files = (
			);
			runOnlyForDeploymentPostprocessing = 0;
		};
		86BD03902D180A1B000C2120 /* Resources */ = {
			isa = PBXResourcesBuildPhase;
			buildActionMask = 2147483647;
			files = (
			);
			runOnlyForDeploymentPostprocessing = 0;
		};
		86BD039A2D180A1B000C2120 /* Resources */ = {
			isa = PBXResourcesBuildPhase;
			buildActionMask = 2147483647;
			files = (
			);
			runOnlyForDeploymentPostprocessing = 0;
		};
/* End PBXResourcesBuildPhase section */

/* Begin PBXSourcesBuildPhase section */
		86BD03752D180A1A000C2120 /* Sources */ = {
			isa = PBXSourcesBuildPhase;
			buildActionMask = 2147483647;
			files = (
			);
			runOnlyForDeploymentPostprocessing = 0;
		};
		86BD038E2D180A1B000C2120 /* Sources */ = {
			isa = PBXSourcesBuildPhase;
			buildActionMask = 2147483647;
			files = (
			);
			runOnlyForDeploymentPostprocessing = 0;
		};
		86BD03982D180A1B000C2120 /* Sources */ = {
			isa = PBXSourcesBuildPhase;
			buildActionMask = 2147483647;
			files = (
			);
			runOnlyForDeploymentPostprocessing = 0;
		};
/* End PBXSourcesBuildPhase section */

/* Begin PBXTargetDependency section */
		86BD03942D180A1B000C2120 /* PBXTargetDependency */ = {
			isa = PBXTargetDependency;
			target = 86BD03782D180A1A000C2120 /* Swift SpriteKit */;
			targetProxy = 86BD03932D180A1B000C2120 /* PBXContainerItemProxy */;
		};
		86BD039E2D180A1B000C2120 /* PBXTargetDependency */ = {
			isa = PBXTargetDependency;
			target = 86BD03782D180A1A000C2120 /* Swift SpriteKit */;
			targetProxy = 86BD039D2D180A1B000C2120 /* PBXContainerItemProxy */;
		};
/* End PBXTargetDependency section */

/* Begin XCBuildConfiguration section */
		86BD03A42D180A1B000C2120 /* Debug */ = {
			isa = XCBuildConfiguration;
			buildSettings = {
				ALWAYS_SEARCH_USER_PATHS = NO;
				ASSETCATALOG_COMPILER_GENERATE_SWIFT_ASSET_SYMBOL_EXTENSIONS = YES;
				CLANG_ANALYZER_NONNULL = YES;
				CLANG_ANALYZER_NUMBER_OBJECT_CONVERSION = YES_AGGRESSIVE;
				CLANG_CXX_LANGUAGE_STANDARD = "gnu++20";
				CLANG_ENABLE_MODULES = YES;
				CLANG_ENABLE_OBJC_ARC = YES;
				CLANG_ENABLE_OBJC_WEAK = YES;
				CLANG_WARN_BLOCK_CAPTURE_AUTORELEASING = YES;
				CLANG_WARN_BOOL_CONVERSION = YES;
				CLANG_WARN_COMMA = YES;
				CLANG_WARN_CONSTANT_CONVERSION = YES;
				CLANG_WARN_DEPRECATED_OBJC_IMPLEMENTATIONS = YES;
				CLANG_WARN_DIRECT_OBJC_ISA_USAGE = YES_ERROR;
				CLANG_WARN_DOCUMENTATION_COMMENTS = YES;
				CLANG_WARN_EMPTY_BODY = YES;
				CLANG_WARN_ENUM_CONVERSION = YES;
				CLANG_WARN_INFINITE_RECURSION = YES;
				CLANG_WARN_INT_CONVERSION = YES;
				CLANG_WARN_NON_LITERAL_NULL_CONVERSION = YES;
				CLANG_WARN_OBJC_IMPLICIT_RETAIN_SELF = YES;
				CLANG_WARN_OBJC_LITERAL_CONVERSION = YES;
				CLANG_WARN_OBJC_ROOT_CLASS = YES_ERROR;
				CLANG_WARN_QUOTED_INCLUDE_IN_FRAMEWORK_HEADER = YES;
				CLANG_WARN_RANGE_LOOP_ANALYSIS = YES;
				CLANG_WARN_STRICT_PROTOTYPES = YES;
				CLANG_WARN_SUSPICIOUS_MOVE = YES;
				CLANG_WARN_UNGUARDED_AVAILABILITY = YES_AGGRESSIVE;
				CLANG_WARN_UNREACHABLE_CODE = YES;
				CLANG_WARN__DUPLICATE_METHOD_MATCH = YES;
				COPY_PHASE_STRIP = NO;
				DEBUG_INFORMATION_FORMAT = dwarf;
				ENABLE_STRICT_OBJC_MSGSEND = YES;
				ENABLE_TESTABILITY = YES;
				ENABLE_USER_SCRIPT_SANDBOXING = YES;
				GCC_C_LANGUAGE_STANDARD = gnu17;
				GCC_DYNAMIC_NO_PIC = NO;
				GCC_NO_COMMON_BLOCKS = YES;
				GCC_OPTIMIZATION_LEVEL = 0;
				GCC_PREPROCESSOR_DEFINITIONS = (
					"DEBUG=1",
					"$(inherited)",
				);
				GCC_WARN_64_TO_32_BIT_CONVERSION = YES;
				GCC_WARN_ABOUT_RETURN_TYPE = YES_ERROR;
				GCC_WARN_UNDECLARED_SELECTOR = YES;
				GCC_WARN_UNINITIALIZED_AUTOS = YES_AGGRESSIVE;
				GCC_WARN_UNUSED_FUNCTION = YES;
				GCC_WARN_UNUSED_VARIABLE = YES;
				IPHONEOS_DEPLOYMENT_TARGET = 18.1;
				LOCALIZATION_PREFERS_STRING_CATALOGS = YES;
				MTL_ENABLE_DEBUG_INFO = INCLUDE_SOURCE;
				MTL_FAST_MATH = YES;
				ONLY_ACTIVE_ARCH = YES;
				SDKROOT = iphoneos;
				SWIFT_ACTIVE_COMPILATION_CONDITIONS = "DEBUG $(inherited)";
				SWIFT_OPTIMIZATION_LEVEL = "-Onone";
			};
			name = Debug;
		};
		86BD03A52D180A1B000C2120 /* Release */ = {
			isa = XCBuildConfiguration;
			buildSettings = {
				ALWAYS_SEARCH_USER_PATHS = NO;
				ASSETCATALOG_COMPILER_GENERATE_SWIFT_ASSET_SYMBOL_EXTENSIONS = YES;
				CLANG_ANALYZER_NONNULL = YES;
				CLANG_ANALYZER_NUMBER_OBJECT_CONVERSION = YES_AGGRESSIVE;
				CLANG_CXX_LANGUAGE_STANDARD = "gnu++20";
				CLANG_ENABLE_MODULES = YES;
				CLANG_ENABLE_OBJC_ARC = YES;
				CLANG_ENABLE_OBJC_WEAK = YES;
				CLANG_WARN_BLOCK_CAPTURE_AUTORELEASING = YES;
				CLANG_WARN_BOOL_CONVERSION = YES;
				CLANG_WARN_COMMA = YES;
				CLANG_WARN_CONSTANT_CONVERSION = YES;
				CLANG_WARN_DEPRECATED_OBJC_IMPLEMENTATIONS = YES;
				CLANG_WARN_DIRECT_OBJC_ISA_USAGE = YES_ERROR;
				CLANG_WARN_DOCUMENTATION_COMMENTS = YES;
				CLANG_WARN_EMPTY_BODY = YES;
				CLANG_WARN_ENUM_CONVERSION = YES;
				CLANG_WARN_INFINITE_RECURSION = YES;
				CLANG_WARN_INT_CONVERSION = YES;
				CLANG_WARN_NON_LITERAL_NULL_CONVERSION = YES;
				CLANG_WARN_OBJC_IMPLICIT_RETAIN_SELF = YES;
				CLANG_WARN_OBJC_LITERAL_CONVERSION = YES;
				CLANG_WARN_OBJC_ROOT_CLASS = YES_ERROR;
				CLANG_WARN_QUOTED_INCLUDE_IN_FRAMEWORK_HEADER = YES;
				CLANG_WARN_RANGE_LOOP_ANALYSIS = YES;
				CLANG_WARN_STRICT_PROTOTYPES = YES;
				CLANG_WARN_SUSPICIOUS_MOVE = YES;
				CLANG_WARN_UNGUARDED_AVAILABILITY = YES_AGGRESSIVE;
				CLANG_WARN_UNREACHABLE_CODE = YES;
				CLANG_WARN__DUPLICATE_METHOD_MATCH = YES;
				COPY_PHASE_STRIP = NO;
				DEBUG_INFORMATION_FORMAT = "dwarf-with-dsym";
				ENABLE_NS_ASSERTIONS = NO;
				ENABLE_STRICT_OBJC_MSGSEND = YES;
				ENABLE_USER_SCRIPT_SANDBOXING = YES;
				GCC_C_LANGUAGE_STANDARD = gnu17;
				GCC_NO_COMMON_BLOCKS = YES;
				GCC_WARN_64_TO_32_BIT_CONVERSION = YES;
				GCC_WARN_ABOUT_RETURN_TYPE = YES_ERROR;
				GCC_WARN_UNDECLARED_SELECTOR = YES;
				GCC_WARN_UNINITIALIZED_AUTOS = YES_AGGRESSIVE;
				GCC_WARN_UNUSED_FUNCTION = YES;
				GCC_WARN_UNUSED_VARIABLE = YES;
				IPHONEOS_DEPLOYMENT_TARGET = 18.1;
				LOCALIZATION_PREFERS_STRING_CATALOGS = YES;
				MTL_ENABLE_DEBUG_INFO = NO;
				MTL_FAST_MATH = YES;
				SDKROOT = iphoneos;
				SWIFT_COMPILATION_MODE = wholemodule;
				VALIDATE_PRODUCT = YES;
			};
			name = Release;
		};
		86BD03A72D180A1B000C2120 /* Debug */ = {
			isa = XCBuildConfiguration;
			buildSettings = {
				ASSETCATALOG_COMPILER_APPICON_NAME = AppIcon;
				ASSETCATALOG_COMPILER_GLOBAL_ACCENT_COLOR_NAME = AccentColor;
				CODE_SIGN_STYLE = Automatic;
				CURRENT_PROJECT_VERSION = 1;
				DEVELOPMENT_TEAM = UDN8HKP972;
				GENERATE_INFOPLIST_FILE = YES;
				INFOPLIST_KEY_UIApplicationSupportsIndirectInputEvents = YES;
				INFOPLIST_KEY_UILaunchStoryboardName = LaunchScreen;
				INFOPLIST_KEY_UIMainStoryboardFile = Main;
				INFOPLIST_KEY_UIStatusBarHidden = YES;
				INFOPLIST_KEY_UISupportedInterfaceOrientations_iPad = "UIInterfaceOrientationPortrait UIInterfaceOrientationPortraitUpsideDown UIInterfaceOrientationLandscapeLeft UIInterfaceOrientationLandscapeRight";
				INFOPLIST_KEY_UISupportedInterfaceOrientations_iPhone = "UIInterfaceOrientationPortrait UIInterfaceOrientationLandscapeLeft UIInterfaceOrientationLandscapeRight";
				IPHONEOS_DEPLOYMENT_TARGET = 18.0;
				LD_RUNPATH_SEARCH_PATHS = (
					"$(inherited)",
					"@executable_path/Frameworks",
				);
				MARKETING_VERSION = 1.0;
				PRODUCT_BUNDLE_IDENTIFIER = "com.Aplicativos.Swift-SpriteKit";
				PRODUCT_NAME = "$(TARGET_NAME)";
				SWIFT_EMIT_LOC_STRINGS = YES;
				SWIFT_VERSION = 5.0;
				TARGETED_DEVICE_FAMILY = "1,2";
			};
			name = Debug;
		};
		86BD03A82D180A1B000C2120 /* Release */ = {
			isa = XCBuildConfiguration;
			buildSettings = {
				ASSETCATALOG_COMPILER_APPICON_NAME = AppIcon;
				ASSETCATALOG_COMPILER_GLOBAL_ACCENT_COLOR_NAME = AccentColor;
				CODE_SIGN_STYLE = Automatic;
				CURRENT_PROJECT_VERSION = 1;
				DEVELOPMENT_TEAM = UDN8HKP972;
				GENERATE_INFOPLIST_FILE = YES;
				INFOPLIST_KEY_UIApplicationSupportsIndirectInputEvents = YES;
				INFOPLIST_KEY_UILaunchStoryboardName = LaunchScreen;
				INFOPLIST_KEY_UIMainStoryboardFile = Main;
				INFOPLIST_KEY_UIStatusBarHidden = YES;
				INFOPLIST_KEY_UISupportedInterfaceOrientations_iPad = "UIInterfaceOrientationPortrait UIInterfaceOrientationPortraitUpsideDown UIInterfaceOrientationLandscapeLeft UIInterfaceOrientationLandscapeRight";
				INFOPLIST_KEY_UISupportedInterfaceOrientations_iPhone = "UIInterfaceOrientationPortrait UIInterfaceOrientationLandscapeLeft UIInterfaceOrientationLandscapeRight";
				IPHONEOS_DEPLOYMENT_TARGET = 18.0;
				LD_RUNPATH_SEARCH_PATHS = (
					"$(inherited)",
					"@executable_path/Frameworks",
				);
				MARKETING_VERSION = 1.0;
				PRODUCT_BUNDLE_IDENTIFIER = "com.Aplicativos.Swift-SpriteKit";
				PRODUCT_NAME = "$(TARGET_NAME)";
				SWIFT_EMIT_LOC_STRINGS = YES;
				SWIFT_VERSION = 5.0;
				TARGETED_DEVICE_FAMILY = "1,2";
			};
			name = Release;
		};
		86BD03AA2D180A1B000C2120 /* Debug */ = {
			isa = XCBuildConfiguration;
			buildSettings = {
				BUNDLE_LOADER = "$(TEST_HOST)";
				CODE_SIGN_STYLE = Automatic;
				CURRENT_PROJECT_VERSION = 1;
				DEVELOPMENT_TEAM = UDN8HKP972;
				GENERATE_INFOPLIST_FILE = YES;
				IPHONEOS_DEPLOYMENT_TARGET = 18.1;
				MARKETING_VERSION = 1.0;
				PRODUCT_BUNDLE_IDENTIFIER = "com.Aplicativos.Swift-SpriteKitTests";
				PRODUCT_NAME = "$(TARGET_NAME)";
				SWIFT_EMIT_LOC_STRINGS = NO;
				SWIFT_VERSION = 5.0;
				TARGETED_DEVICE_FAMILY = "1,2";
				TEST_HOST = "$(BUILT_PRODUCTS_DIR)/Swift SpriteKit.app/$(BUNDLE_EXECUTABLE_FOLDER_PATH)/Swift SpriteKit";
			};
			name = Debug;
		};
		86BD03AB2D180A1B000C2120 /* Release */ = {
			isa = XCBuildConfiguration;
			buildSettings = {
				BUNDLE_LOADER = "$(TEST_HOST)";
				CODE_SIGN_STYLE = Automatic;
				CURRENT_PROJECT_VERSION = 1;
				DEVELOPMENT_TEAM = UDN8HKP972;
				GENERATE_INFOPLIST_FILE = YES;
				IPHONEOS_DEPLOYMENT_TARGET = 18.1;
				MARKETING_VERSION = 1.0;
				PRODUCT_BUNDLE_IDENTIFIER = "com.Aplicativos.Swift-SpriteKitTests";
				PRODUCT_NAME = "$(TARGET_NAME)";
				SWIFT_EMIT_LOC_STRINGS = NO;
				SWIFT_VERSION = 5.0;
				TARGETED_DEVICE_FAMILY = "1,2";
				TEST_HOST = "$(BUILT_PRODUCTS_DIR)/Swift SpriteKit.app/$(BUNDLE_EXECUTABLE_FOLDER_PATH)/Swift SpriteKit";
			};
			name = Release;
		};
		86BD03AD2D180A1B000C2120 /* Debug */ = {
			isa = XCBuildConfiguration;
			buildSettings = {
				CODE_SIGN_STYLE = Automatic;
				CURRENT_PROJECT_VERSION = 1;
				DEVELOPMENT_TEAM = UDN8HKP972;
				GENERATE_INFOPLIST_FILE = YES;
				MARKETING_VERSION = 1.0;
				PRODUCT_BUNDLE_IDENTIFIER = "com.Aplicativos.Swift-SpriteKitUITests";
				PRODUCT_NAME = "$(TARGET_NAME)";
				SWIFT_EMIT_LOC_STRINGS = NO;
				SWIFT_VERSION = 5.0;
				TARGETED_DEVICE_FAMILY = "1,2";
				TEST_TARGET_NAME = "Swift SpriteKit";
			};
			name = Debug;
		};
		86BD03AE2D180A1B000C2120 /* Release */ = {
			isa = XCBuildConfiguration;
			buildSettings = {
				CODE_SIGN_STYLE = Automatic;
				CURRENT_PROJECT_VERSION = 1;
				DEVELOPMENT_TEAM = UDN8HKP972;
				GENERATE_INFOPLIST_FILE = YES;
				MARKETING_VERSION = 1.0;
				PRODUCT_BUNDLE_IDENTIFIER = "com.Aplicativos.Swift-SpriteKitUITests";
				PRODUCT_NAME = "$(TARGET_NAME)";
				SWIFT_EMIT_LOC_STRINGS = NO;
				SWIFT_VERSION = 5.0;
				TARGETED_DEVICE_FAMILY = "1,2";
				TEST_TARGET_NAME = "Swift SpriteKit";
			};
			name = Release;
		};
/* End XCBuildConfiguration section */

/* Begin XCConfigurationList section */
		86BD03742D180A1A000C2120 /* Build configuration list for PBXProject "Swift SpriteKit" */ = {
			isa = XCConfigurationList;
			buildConfigurations = (
				86BD03A42D180A1B000C2120 /* Debug */,
				86BD03A52D180A1B000C2120 /* Release */,
			);
			defaultConfigurationIsVisible = 0;
			defaultConfigurationName = Release;
		};
		86BD03A62D180A1B000C2120 /* Build configuration list for PBXNativeTarget "Swift SpriteKit" */ = {
			isa = XCConfigurationList;
			buildConfigurations = (
				86BD03A72D180A1B000C2120 /* Debug */,
				86BD03A82D180A1B000C2120 /* Release */,
			);
			defaultConfigurationIsVisible = 0;
			defaultConfigurationName = Release;
		};
		86BD03A92D180A1B000C2120 /* Build configuration list for PBXNativeTarget "Swift SpriteKitTests" */ = {
			isa = XCConfigurationList;
			buildConfigurations = (
				86BD03AA2D180A1B000C2120 /* Debug */,
				86BD03AB2D180A1B000C2120 /* Release */,
			);
			defaultConfigurationIsVisible = 0;
			defaultConfigurationName = Release;
		};
		86BD03AC2D180A1B000C2120 /* Build configuration list for PBXNativeTarget "Swift SpriteKitUITests" */ = {
			isa = XCConfigurationList;
			buildConfigurations = (
				86BD03AD2D180A1B000C2120 /* Debug */,
				86BD03AE2D180A1B000C2120 /* Release */,
			);
			defaultConfigurationIsVisible = 0;
			defaultConfigurationName = Release;
		};
/* End XCConfigurationList section */
	};
	rootObject = 86BD03712D180A1A000C2120 /* Project object */;
}
